
Microsoft Visual Studio Solution File, Format Version 12.00
# Visual Studio Version 17
VisualStudioVersion = 17.6.33829.357
MinimumVisualStudioVersion = 10.0.40219.1
Project("{FAE04EC0-301F-11D3-BF4B-00C04F79EFBC}") = "CrudInGridView", "CrudInGridView.csproj", "{69ADDF68-9BD9-4C35-9A44-EF8BC9C05152}"
EndProject
Global
	GlobalSection(SolutionConfigurationPlatforms) = preSolution
		Debug|Any CPU = Debug|Any CPU
		Release|Any CPU = Release|Any CPU
	EndGlobalSection
	GlobalSection(ProjectConfigurationPlatforms) = postSolution
		{69ADDF68-9BD9-4C35-9A44-EF8BC9C05152}.Debug|Any CPU.ActiveCfg = Debug|Any CPU
		{69ADDF68-9BD9-4C35-9A44-EF8BC9C05152}.Debug|Any CPU.Build.0 = Debug|Any CPU
		{69ADDF68-9BD9-4C35-9A44-EF8BC9C05152}.Release|Any CPU.ActiveCfg = Release|Any CPU
		{69ADDF68-9BD9-4C35-9A44-EF8BC9C05152}.Release|Any CPU.Build.0 = Release|Any CPU
	EndGlobalSection
	GlobalSection(SolutionProperties) = preSolution
		HideSolutionNode = FALSE
	EndGlobalSection
	GlobalSection(ExtensibilityGlobals) = postSolution
		SolutionGuid = {2878E888-71DE-4B1F-84CB-29FF55992417}
	EndGlobalSection
EndGlobal
